
Microsoft Visual Studio Solution File, Format Version 12.00
# Visual Studio Version 17
VisualStudioVersion = 17.3.32901.215
MinimumVisualStudioVersion = 10.0.40219.1
Project("{FAE04EC0-301F-11D3-BF4B-00C04F79EFBC}") = "WebApplication1", "WebApplication1\WebApplication1.csproj", "{880EF67F-8178-4034-8FAB-1482080AAFDF}"
EndProject
Project("{FAE04EC0-301F-11D3-BF4B-00C04F79EFBC}") = "WebApplication2", "WebApplication2\WebApplication2.csproj", "{A8133639-D807-4E01-A4AF-EAD78BA1CB61}"
EndProject
Global
	GlobalSection(SolutionConfigurationPlatforms) = preSolution
		Debug|Any CPU = Debug|Any CPU
		Release|Any CPU = Release|Any CPU
	EndGlobalSection
	GlobalSection(ProjectConfigurationPlatforms) = postSolution
		{880EF67F-8178-4034-8FAB-1482080AAFDF}.Debug|Any CPU.ActiveCfg = Debug|Any CPU
		{880EF67F-8178-4034-8FAB-1482080AAFDF}.Debug|Any CPU.Build.0 = Debug|Any CPU
		{880EF67F-8178-4034-8FAB-1482080AAFDF}.Release|Any CPU.ActiveCfg = Release|Any CPU
		{880EF67F-8178-4034-8FAB-1482080AAFDF}.Release|Any CPU.Build.0 = Release|Any CPU
		{A8133639-D807-4E01-A4AF-EAD78BA1CB61}.Debug|Any CPU.ActiveCfg = Debug|Any CPU
		{A8133639-D807-4E01-A4AF-EAD78BA1CB61}.Debug|Any CPU.Build.0 = Debug|Any CPU
		{A8133639-D807-4E01-A4AF-EAD78BA1CB61}.Release|Any CPU.ActiveCfg = Release|Any CPU
		{A8133639-D807-4E01-A4AF-EAD78BA1CB61}.Release|Any CPU.Build.0 = Release|Any CPU
	EndGlobalSection
	GlobalSection(SolutionProperties) = preSolution
		HideSolutionNode = FALSE
	EndGlobalSection
	GlobalSection(ExtensibilityGlobals) = postSolution
		SolutionGuid = {7C3B0576-F58B-4C00-A20F-29F2168D1C5F}
	EndGlobalSection
EndGlobal
